{
  "name": "watermark-service",
  "version": "1.0.0",
  "description": "Simple PDF watermark service using pdf-lib",
  "main": "index.js",
  "type": "commonjs",
  "scripts": {
    "start": "node index.js"
  },
  "dependencies": {
    "cors": "^2.8.5",
    "express": "^4.18.2",
    "node-fetch": "^3.3.2",
    "pdf-lib": "^1.17.1"
  }
}
{
  "name": "elevate-data-room",
  "version": "1.0.0",
  "private": true,
  "homepage": "https://ElevateBenAI.github.io/Investor-Data-Room",
  "dependencies": {
<<<<<<< HEAD
    "@testing-library/dom": "^10.4.0",
    "@testing-library/jest-dom": "^6.6.3",
    "@testing-library/react": "^16.3.0",
    "@testing-library/user-event": "^13.5.0",
    "firebase": "^10.12.2",
    "react": "^19.1.0",
    "react-dom": "^19.1.0",
    "react-scripts": "5.0.1",
    "web-vitals": "^2.1.4"
=======
    "firebase": "^10.7.0",
    "react": "^18.2.0",
    "react-dom": "^18.2.0",
    "react-scripts": "5.0.1"
>>>>>>> ed53a0f (Initial commit)
  },
  "scripts": {
    "start": "react-scripts start",
    "build": "react-scripts build",
    "test": "react-scripts test",
    "eject": "react-scripts eject",
<<<<<<< HEAD
=======
    "tailwind:build": "tailwindcss -i ./src/index.css -o ./src/output.css --watch",
>>>>>>> ed53a0f (Initial commit)
    "predeploy": "npm run build",
    "deploy": "gh-pages -d build"
  },
  "devDependencies": {
    "autoprefixer": "^10.4.15",
    "gh-pages": "^6.3.0",
    "postcss": "^8.4.31",
    "tailwindcss": "^3.4.1"
  },
  "browserslist": {
    "production": [
      ">0.2%",
      "not dead",
      "not op_mini all"
    ],
    "development": [
      "last 1 chrome version",
      "last 1 firefox version",
      "last 1 safari version"
    ]
  },
  "homepage": "https://your-username.github.io/your-repo-name"
}
